Microsoft Visual Studio Solution File, Format Version 12.00
# Visual Studio Version 17
VisualStudioVersion = 17.8.34322.80
MinimumVisualStudioVersion = 10.0.40219.1
Project("{9A19103F-16F7-4668-BE54-9A1E7A4F7556}") = "Garnet.cluster", "libs\cluster\Garnet.cluster.csproj", "{E72FA4AC-7B8B-4C55-BDD2-CC5AA62C28C7}"
EndProject
Project("{9A19103F-16F7-4668-BE54-9A1E7A4F7556}") = "Garnet.common", "libs\common\Garnet.common.csproj", "{6E17944E-9E13-499B-95BD-8CF511DFB91C}"
EndProject
Project("{9A19103F-16F7-4668-BE54-9A1E7A4F7556}") = "Garnet.host", "libs\host\Garnet.host.csproj", "{C1A8C15A-9732-4D00-8829-67C94E00EEAC}"
EndProject
Project("{9A19103F-16F7-4668-BE54-9A1E7A4F7556}") = "Garnet.server", "libs\server\Garnet.server.csproj", "{548BDCDF-6A01-42AB-B6BB-642E61C45432}"
EndProject
Project("{9A19103F-16F7-4668-BE54-9A1E7A4F7556}") = "Tsavorite.core", "libs\storage\Tsavorite\cs\src\core\Tsavorite.core.csproj", "{B9D60441-5C56-4EFC-82DD-5353B49AE505}"
EndProject
Project("{9A19103F-16F7-4668-BE54-9A1E7A4F7556}") = "Tsavorite.devices.AzureStorageDevice", "libs\storage\Tsavorite\cs\src\devices\AzureStorageDevice\Tsavorite.devices.AzureStorageDevice.csproj", "{0A9984ED-89E5-4A0F-978C-BCA8FE85CF83}"
EndProject
Project("{9A19103F-16F7-4668-BE54-9A1E7A4F7556}") = "HdrHistogram", "metrics\HdrHistogram\HdrHistogram.csproj", "{D9369F75-A5D0-410F-A82F-0DD587D55D15}"
EndProject
Project("{9A19103F-16F7-4668-BE54-9A1E7A4F7556}") = "Garnet.client", "libs\client\Garnet.client.csproj", "{91BDA895-0477-4F2C-AF85-904535380E3E}"
EndProject
Project("{9A19103F-16F7-4668-BE54-9A1E7A4F7556}") = "GarentServer", "GarentServer\GarentServer.csproj", "{98AD5538-CA5E-4052-8E2A-FF05E2F657D7}"
EndProject
Project("{2150E333-8FDC-42A3-9474-1A3956D46DE8}") = "libs", "libs", "{986AA0FF-94ED-4EA6-8B72-2C104281E3A3}"
EndProject
Project("{2150E333-8FDC-42A3-9474-1A3956D46DE8}") = "Tsavorite", "Tsavorite", "{F7EA952E-0A36-46F6-8157-160C00BAEF60}"
EndProject
Project("{2150E333-8FDC-42A3-9474-1A3956D46DE8}") = "metrics", "metrics", "{A4E9F6D2-84D1-42F1-9F8E-4318DFB014A0}"
EndProject
Project("{9A19103F-16F7-4668-BE54-9A1E7A4F7556}") = "GarnetClientSample", "GarnetClientSample\GarnetClientSample.csproj", "{8D3CAB48-B8CF-4407-9EB9-DB07DB96E57E}"
EndProject
Global
	GlobalSection(SolutionConfigurationPlatforms) = preSolution
		Debug|Any CPU = Debug|Any CPU
		Debug|x64 = Debug|x64
		Release|Any CPU = Release|Any CPU
		Release|x64 = Release|x64
	EndGlobalSection
	GlobalSection(ProjectConfigurationPlatforms) = postSolution
		{E72FA4AC-7B8B-4C55-BDD2-CC5AA62C28C7}.Debug|Any CPU.ActiveCfg = Debug|Any CPU
		{E72FA4AC-7B8B-4C55-BDD2-CC5AA62C28C7}.Debug|Any CPU.Build.0 = Debug|Any CPU
		{E72FA4AC-7B8B-4C55-BDD2-CC5AA62C28C7}.Debug|x64.ActiveCfg = Debug|Any CPU
		{E72FA4AC-7B8B-4C55-BDD2-CC5AA62C28C7}.Debug|x64.Build.0 = Debug|Any CPU
		{E72FA4AC-7B8B-4C55-BDD2-CC5AA62C28C7}.Release|Any CPU.ActiveCfg = Release|Any CPU
		{E72FA4AC-7B8B-4C55-BDD2-CC5AA62C28C7}.Release|Any CPU.Build.0 = Release|Any CPU
		{E72FA4AC-7B8B-4C55-BDD2-CC5AA62C28C7}.Release|x64.ActiveCfg = Release|Any CPU
		{E72FA4AC-7B8B-4C55-BDD2-CC5AA62C28C7}.Release|x64.Build.0 = Release|Any CPU
		{6E17944E-9E13-499B-95BD-8CF511DFB91C}.Debug|Any CPU.ActiveCfg = Debug|Any CPU
		{6E17944E-9E13-499B-95BD-8CF511DFB91C}.Debug|Any CPU.Build.0 = Debug|Any CPU
		{6E17944E-9E13-499B-95BD-8CF511DFB91C}.Debug|x64.ActiveCfg = Debug|Any CPU
		{6E17944E-9E13-499B-95BD-8CF511DFB91C}.Debug|x64.Build.0 = Debug|Any CPU
		{6E17944E-9E13-499B-95BD-8CF511DFB91C}.Release|Any CPU.ActiveCfg = Release|Any CPU
		{6E17944E-9E13-499B-95BD-8CF511DFB91C}.Release|Any CPU.Build.0 = Release|Any CPU
		{6E17944E-9E13-499B-95BD-8CF511DFB91C}.Release|x64.ActiveCfg = Release|Any CPU
		{6E17944E-9E13-499B-95BD-8CF511DFB91C}.Release|x64.Build.0 = Release|Any CPU
		{C1A8C15A-9732-4D00-8829-67C94E00EEAC}.Debug|Any CPU.ActiveCfg = Debug|Any CPU
		{C1A8C15A-9732-4D00-8829-67C94E00EEAC}.Debug|Any CPU.Build.0 = Debug|Any CPU
		{C1A8C15A-9732-4D00-8829-67C94E00EEAC}.Debug|x64.ActiveCfg = Debug|Any CPU
		{C1A8C15A-9732-4D00-8829-67C94E00EEAC}.Debug|x64.Build.0 = Debug|Any CPU
		{C1A8C15A-9732-4D00-8829-67C94E00EEAC}.Release|Any CPU.ActiveCfg = Release|Any CPU
		{C1A8C15A-9732-4D00-8829-67C94E00EEAC}.Release|Any CPU.Build.0 = Release|Any CPU
		{C1A8C15A-9732-4D00-8829-67C94E00EEAC}.Release|x64.ActiveCfg = Release|Any CPU
		{C1A8C15A-9732-4D00-8829-67C94E00EEAC}.Release|x64.Build.0 = Release|Any CPU
		{548BDCDF-6A01-42AB-B6BB-642E61C45432}.Debug|Any CPU.ActiveCfg = Debug|Any CPU
		{548BDCDF-6A01-42AB-B6BB-642E61C45432}.Debug|Any CPU.Build.0 = Debug|Any CPU
		{548BDCDF-6A01-42AB-B6BB-642E61C45432}.Debug|x64.ActiveCfg = Debug|Any CPU
		{548BDCDF-6A01-42AB-B6BB-642E61C45432}.Debug|x64.Build.0 = Debug|Any CPU
		{548BDCDF-6A01-42AB-B6BB-642E61C45432}.Release|Any CPU.ActiveCfg = Release|Any CPU
		{548BDCDF-6A01-42AB-B6BB-642E61C45432}.Release|Any CPU.Build.0 = Release|Any CPU
		{548BDCDF-6A01-42AB-B6BB-642E61C45432}.Release|x64.ActiveCfg = Release|Any CPU
		{548BDCDF-6A01-42AB-B6BB-642E61C45432}.Release|x64.Build.0 = Release|Any CPU
		{B9D60441-5C56-4EFC-82DD-5353B49AE505}.Debug|Any CPU.ActiveCfg = Debug|Any CPU
		{B9D60441-5C56-4EFC-82DD-5353B49AE505}.Debug|Any CPU.Build.0 = Debug|Any CPU
		{B9D60441-5C56-4EFC-82DD-5353B49AE505}.Debug|x64.ActiveCfg = Debug|Any CPU
		{B9D60441-5C56-4EFC-82DD-5353B49AE505}.Debug|x64.Build.0 = Debug|Any CPU
		{B9D60441-5C56-4EFC-82DD-5353B49AE505}.Release|Any CPU.ActiveCfg = Release|Any CPU
		{B9D60441-5C56-4EFC-82DD-5353B49AE505}.Release|Any CPU.Build.0 = Release|Any CPU
		{B9D60441-5C56-4EFC-82DD-5353B49AE505}.Release|x64.ActiveCfg = Release|Any CPU
		{B9D60441-5C56-4EFC-82DD-5353B49AE505}.Release|x64.Build.0 = Release|Any CPU
		{0A9984ED-89E5-4A0F-978C-BCA8FE85CF83}.Debug|Any CPU.ActiveCfg = Debug|Any CPU
		{0A9984ED-89E5-4A0F-978C-BCA8FE85CF83}.Debug|Any CPU.Build.0 = Debug|Any CPU
		{0A9984ED-89E5-4A0F-978C-BCA8FE85CF83}.Debug|x64.ActiveCfg = Debug|x64
		{0A9984ED-89E5-4A0F-978C-BCA8FE85CF83}.Debug|x64.Build.0 = Debug|x64
		{0A9984ED-89E5-4A0F-978C-BCA8FE85CF83}.Release|Any CPU.ActiveCfg = Release|Any CPU
		{0A9984ED-89E5-4A0F-978C-BCA8FE85CF83}.Release|Any CPU.Build.0 = Release|Any CPU
		{0A9984ED-89E5-4A0F-978C-BCA8FE85CF83}.Release|x64.ActiveCfg = Release|x64
		{0A9984ED-89E5-4A0F-978C-BCA8FE85CF83}.Release|x64.Build.0 = Release|x64
		{D9369F75-A5D0-410F-A82F-0DD587D55D15}.Debug|Any CPU.ActiveCfg = Debug|Any CPU
		{D9369F75-A5D0-410F-A82F-0DD587D55D15}.Debug|Any CPU.Build.0 = Debug|Any CPU
		{D9369F75-A5D0-410F-A82F-0DD587D55D15}.Debug|x64.ActiveCfg = Debug|Any CPU
		{D9369F75-A5D0-410F-A82F-0DD587D55D15}.Debug|x64.Build.0 = Debug|Any CPU
		{D9369F75-A5D0-410F-A82F-0DD587D55D15}.Release|Any CPU.ActiveCfg = Release|Any CPU
		{D9369F75-A5D0-410F-A82F-0DD587D55D15}.Release|Any CPU.Build.0 = Release|Any CPU
		{D9369F75-A5D0-410F-A82F-0DD587D55D15}.Release|x64.ActiveCfg = Release|Any CPU
		{D9369F75-A5D0-410F-A82F-0DD587D55D15}.Release|x64.Build.0 = Release|Any CPU
		{91BDA895-0477-4F2C-AF85-904535380E3E}.Debug|Any CPU.ActiveCfg = Debug|Any CPU
		{91BDA895-0477-4F2C-AF85-904535380E3E}.Debug|Any CPU.Build.0 = Debug|Any CPU
		{91BDA895-0477-4F2C-AF85-904535380E3E}.Debug|x64.ActiveCfg = Debug|Any CPU
		{91BDA895-0477-4F2C-AF85-904535380E3E}.Debug|x64.Build.0 = Debug|Any CPU
		{91BDA895-0477-4F2C-AF85-904535380E3E}.Release|Any CPU.ActiveCfg = Release|Any CPU
		{91BDA895-0477-4F2C-AF85-904535380E3E}.Release|Any CPU.Build.0 = Release|Any CPU
		{91BDA895-0477-4F2C-AF85-904535380E3E}.Release|x64.ActiveCfg = Release|Any CPU
		{91BDA895-0477-4F2C-AF85-904535380E3E}.Release|x64.Build.0 = Release|Any CPU
		{98AD5538-CA5E-4052-8E2A-FF05E2F657D7}.Debug|Any CPU.ActiveCfg = Debug|Any CPU
		{98AD5538-CA5E-4052-8E2A-FF05E2F657D7}.Debug|Any CPU.Build.0 = Debug|Any CPU
		{98AD5538-CA5E-4052-8E2A-FF05E2F657D7}.Debug|x64.ActiveCfg = Debug|Any CPU
		{98AD5538-CA5E-4052-8E2A-FF05E2F657D7}.Debug|x64.Build.0 = Debug|Any CPU
		{98AD5538-CA5E-4052-8E2A-FF05E2F657D7}.Release|Any CPU.ActiveCfg = Release|Any CPU
		{98AD5538-CA5E-4052-8E2A-FF05E2F657D7}.Release|Any CPU.Build.0 = Release|Any CPU
		{98AD5538-CA5E-4052-8E2A-FF05E2F657D7}.Release|x64.ActiveCfg = Release|Any CPU
		{98AD5538-CA5E-4052-8E2A-FF05E2F657D7}.Release|x64.Build.0 = Release|Any CPU
		{8D3CAB48-B8CF-4407-9EB9-DB07DB96E57E}.Debug|Any CPU.ActiveCfg = Debug|Any CPU
		{8D3CAB48-B8CF-4407-9EB9-DB07DB96E57E}.Debug|Any CPU.Build.0 = Debug|Any CPU
		{8D3CAB48-B8CF-4407-9EB9-DB07DB96E57E}.Debug|x64.ActiveCfg = Debug|Any CPU
		{8D3CAB48-B8CF-4407-9EB9-DB07DB96E57E}.Debug|x64.Build.0 = Debug|Any CPU
		{8D3CAB48-B8CF-4407-9EB9-DB07DB96E57E}.Release|Any CPU.ActiveCfg = Release|Any CPU
		{8D3CAB48-B8CF-4407-9EB9-DB07DB96E57E}.Release|Any CPU.Build.0 = Release|Any CPU
		{8D3CAB48-B8CF-4407-9EB9-DB07DB96E57E}.Release|x64.ActiveCfg = Release|Any CPU
		{8D3CAB48-B8CF-4407-9EB9-DB07DB96E57E}.Release|x64.Build.0 = Release|Any CPU
	EndGlobalSection
	GlobalSection(SolutionProperties) = preSolution
		HideSolutionNode = FALSE
	EndGlobalSection
	GlobalSection(NestedProjects) = preSolution
		{E72FA4AC-7B8B-4C55-BDD2-CC5AA62C28C7} = {986AA0FF-94ED-4EA6-8B72-2C104281E3A3}
		{6E17944E-9E13-499B-95BD-8CF511DFB91C} = {986AA0FF-94ED-4EA6-8B72-2C104281E3A3}
		{C1A8C15A-9732-4D00-8829-67C94E00EEAC} = {986AA0FF-94ED-4EA6-8B72-2C104281E3A3}
		{548BDCDF-6A01-42AB-B6BB-642E61C45432} = {986AA0FF-94ED-4EA6-8B72-2C104281E3A3}
		{B9D60441-5C56-4EFC-82DD-5353B49AE505} = {F7EA952E-0A36-46F6-8157-160C00BAEF60}
		{0A9984ED-89E5-4A0F-978C-BCA8FE85CF83} = {F7EA952E-0A36-46F6-8157-160C00BAEF60}
		{D9369F75-A5D0-410F-A82F-0DD587D55D15} = {A4E9F6D2-84D1-42F1-9F8E-4318DFB014A0}
		{91BDA895-0477-4F2C-AF85-904535380E3E} = {986AA0FF-94ED-4EA6-8B72-2C104281E3A3}
		{F7EA952E-0A36-46F6-8157-160C00BAEF60} = {986AA0FF-94ED-4EA6-8B72-2C104281E3A3}
	EndGlobalSection
	GlobalSection(ExtensibilityGlobals) = postSolution
		SolutionGuid = {43C2DEA9-C2AC-4B32-9B54-C0228470AB4A}
	EndGlobalSection
EndGlobal
